# Generated by pub
# See https://dart.dev/tools/pub/glossary#lockfile
packages:
  collection:
    dependency: transitive
    description:
      name: collection
      url: "https://pub.flutter-io.cn"
    source: hosted
    version: "1.17.0"
  meta:
    dependency: transitive
    description:
      name: meta
      url: "https://pub.flutter-io.cn"
    source: hosted
    version: "1.8.0"
  petitparser:
    dependency: transitive
    description:
      name: petitparser
      url: "https://pub.flutter-io.cn"
    source: hosted
    version: "5.1.0"
  xml:
    dependency: "direct main"
    description:
      name: xml
      url: "https://pub.flutter-io.cn"
    source: hosted
    version: "6.2.0"
sdks:
  dart: ">=2.18.0 <3.0.0"
